Microsoft Visual Studio Solution File, Format Version 12.00
# Visual Studio 2013
VisualStudioVersion = 12.0.30723.0
MinimumVisualStudioVersion = 10.0.40219.1
Project("{FAE04EC0-301F-11D3-BF4B-00C04F79EFBC}") = "RegistrationForm.BaseProject", "RegistrationForm.BaseProject\RegistrationForm.BaseProject.csproj", "{144670CB-6396-488C-A76D-2E03A3B69E78}"
EndProject
Project("{FAE04EC0-301F-11D3-BF4B-00C04F79EFBC}") = "RegistrationForm.Lesson1", "RegistrationForm.Lesson1\RegistrationForm.Lesson1.csproj", "{26BBD87B-0547-4B55-8E4C-21CAFFECFB55}"
EndProject
Project("{FAE04EC0-301F-11D3-BF4B-00C04F79EFBC}") = "RegistrationForm.Lesson2", "RegistrationForm.Lesson2\RegistrationForm.Lesson2.csproj", "{818ACB8F-79C0-4E51-B68F-7D3F7F169E5D}"
EndProject
Project("{FAE04EC0-301F-11D3-BF4B-00C04F79EFBC}") = "RegistrationForm.Lesson3", "RegistrationForm.Lesson3\RegistrationForm.Lesson3.csproj", "{2314BC2D-9FD8-4DEB-AB65-60BC0FA691A2}"
EndProject
Project("{FAE04EC0-301F-11D3-BF4B-00C04F79EFBC}") = "RegistrationForm.Lesson4", "RegistrationForm.Lesson4\RegistrationForm.Lesson4.csproj", "{E8A3B322-83DE-4BC5-99B5-62A733BDDA8D}"
EndProject
Project("{FAE04EC0-301F-11D3-BF4B-00C04F79EFBC}") = "RegistrationForm.Lesson5", "RegistrationForm.Lesson5\RegistrationForm.Lesson5.csproj", "{9A3A2254-F64B-41F5-A73E-C4D620A13FFF}"
EndProject
Global
	GlobalSection(SolutionConfigurationPlatforms) = preSolution
		Debug|x86 = Debug|x86
		Release|x86 = Release|x86
	EndGlobalSection
	GlobalSection(ProjectConfigurationPlatforms) = postSolution
		{144670CB-6396-488C-A76D-2E03A3B69E78}.Debug|x86.ActiveCfg = Debug|x86
		{144670CB-6396-488C-A76D-2E03A3B69E78}.Debug|x86.Build.0 = Debug|x86
		{144670CB-6396-488C-A76D-2E03A3B69E78}.Release|x86.ActiveCfg = Release|x86
		{144670CB-6396-488C-A76D-2E03A3B69E78}.Release|x86.Build.0 = Release|x86
		{26BBD87B-0547-4B55-8E4C-21CAFFECFB55}.Debug|x86.ActiveCfg = Debug|x86
		{26BBD87B-0547-4B55-8E4C-21CAFFECFB55}.Debug|x86.Build.0 = Debug|x86
		{26BBD87B-0547-4B55-8E4C-21CAFFECFB55}.Release|x86.ActiveCfg = Release|x86
		{26BBD87B-0547-4B55-8E4C-21CAFFECFB55}.Release|x86.Build.0 = Release|x86
		{818ACB8F-79C0-4E51-B68F-7D3F7F169E5D}.Debug|x86.ActiveCfg = Debug|x86
		{818ACB8F-79C0-4E51-B68F-7D3F7F169E5D}.Debug|x86.Build.0 = Debug|x86
		{818ACB8F-79C0-4E51-B68F-7D3F7F169E5D}.Release|x86.ActiveCfg = Release|x86
		{818ACB8F-79C0-4E51-B68F-7D3F7F169E5D}.Release|x86.Build.0 = Release|x86
		{2314BC2D-9FD8-4DEB-AB65-60BC0FA691A2}.Debug|x86.ActiveCfg = Debug|x86
		{2314BC2D-9FD8-4DEB-AB65-60BC0FA691A2}.Debug|x86.Build.0 = Debug|x86
		{2314BC2D-9FD8-4DEB-AB65-60BC0FA691A2}.Release|x86.ActiveCfg = Release|x86
		{2314BC2D-9FD8-4DEB-AB65-60BC0FA691A2}.Release|x86.Build.0 = Release|x86
		{E8A3B322-83DE-4BC5-99B5-62A733BDDA8D}.Debug|x86.ActiveCfg = Debug|x86
		{E8A3B322-83DE-4BC5-99B5-62A733BDDA8D}.Debug|x86.Build.0 = Debug|x86
		{E8A3B322-83DE-4BC5-99B5-62A733BDDA8D}.Release|x86.ActiveCfg = Release|x86
		{E8A3B322-83DE-4BC5-99B5-62A733BDDA8D}.Release|x86.Build.0 = Release|x86
		{9A3A2254-F64B-41F5-A73E-C4D620A13FFF}.Debug|x86.ActiveCfg = Debug|x86
		{9A3A2254-F64B-41F5-A73E-C4D620A13FFF}.Debug|x86.Build.0 = Debug|x86
		{9A3A2254-F64B-41F5-A73E-C4D620A13FFF}.Release|x86.ActiveCfg = Release|x86
		{9A3A2254-F64B-41F5-A73E-C4D620A13FFF}.Release|x86.Build.0 = Release|x86
	EndGlobalSection
	GlobalSection(SolutionProperties) = preSolution
		HideSolutionNode = FALSE
	EndGlobalSection
EndGlobal
